
Microsoft Visual Studio Solution File, Format Version 11.00
# Visual Studio 2010
Project("{FAE04EC0-301F-11D3-BF4B-00C04F79EFBC}") = "DiceGame", "DiceGame\DiceGame.csproj", "{2AA668F8-62E9-4BA4-AA6C-6EE0C4DE6CEE}"
EndProject
Global
	GlobalSection(SolutionConfigurationPlatforms) = preSolution
		Debug|x86 = Debug|x86
		Release|x86 = Release|x86
	EndGlobalSection
	GlobalSection(ProjectConfigurationPlatforms) = postSolution
		{2AA668F8-62E9-4BA4-AA6C-6EE0C4DE6CEE}.Debug|x86.ActiveCfg = Debug|x86
		{2AA668F8-62E9-4BA4-AA6C-6EE0C4DE6CEE}.Debug|x86.Build.0 = Debug|x86
		{2AA668F8-62E9-4BA4-AA6C-6EE0C4DE6CEE}.Release|x86.ActiveCfg = Release|x86
		{2AA668F8-62E9-4BA4-AA6C-6EE0C4DE6CEE}.Release|x86.Build.0 = Release|x86
	EndGlobalSection
	GlobalSection(SolutionProperties) = preSolution
		HideSolutionNode = FALSE
	EndGlobalSection
EndGlobal
