
Microsoft Visual Studio Solution File, Format Version 12.00
# Visual Studio 2012
Project("{FAE04EC0-301F-11D3-BF4B-00C04F79EFBC}") = "FinalProjectTicTacToe", "FinalProjectTicTacToe\FinalProjectTicTacToe.csproj", "{938F9C09-69C2-4390-B144-74E576B638EE}"
EndProject
Global
	GlobalSection(SolutionConfigurationPlatforms) = preSolution
		Debug|Any CPU = Debug|Any CPU
		Release|Any CPU = Release|Any CPU
	EndGlobalSection
	GlobalSection(ProjectConfigurationPlatforms) = postSolution
		{938F9C09-69C2-4390-B144-74E576B638EE}.Debug|Any CPU.ActiveCfg = Debug|Any CPU
		{938F9C09-69C2-4390-B144-74E576B638EE}.Debug|Any CPU.Build.0 = Debug|Any CPU
		{938F9C09-69C2-4390-B144-74E576B638EE}.Release|Any CPU.ActiveCfg = Release|Any CPU
		{938F9C09-69C2-4390-B144-74E576B638EE}.Release|Any CPU.Build.0 = Release|Any CPU
	EndGlobalSection
	GlobalSection(SolutionProperties) = preSolution
		HideSolutionNode = FALSE
	EndGlobalSection
EndGlobal
